// !$*UTF8*$!
{
	archiveVersion = 1;
	classes = {
	};
	objectVersion = 55;
	objects = {

/* Begin PBXBuildFile section */
		A54A8A6F27A22AD200A70645 /* AppDelegate.swift in Sources */ = {isa = PBXBuildFile; fileRef = A54A8A6E27A22AD200A70645 /* AppDelegate.swift */; };
		A54A8A7127A22AD200A70645 /* SceneDelegate.swift in Sources */ = {isa = PBXBuildFile; fileRef = A54A8A7027A22AD200A70645 /* SceneDelegate.swift */; };
		A54A8A7327A22AD200A70645 /* ReviewListViewController.swift in Sources */ = {isa = PBXBuildFile; fileRef = A54A8A7227A22AD200A70645 /* ReviewListViewController.swift */; };
		A54A8A7827A22AD200A70645 /* Assets.xcassets in Resources */ = {isa = PBXBuildFile; fileRef = A54A8A7727A22AD200A70645 /* Assets.xcassets */; };
		A54A8A7B27A22AD200A70645 /* LaunchScreen.storyboard in Resources */ = {isa = PBXBuildFile; fileRef = A54A8A7927A22AD200A70645 /* LaunchScreen.storyboard */; };
		A54A8A8627A22AD200A70645 /* BookReviewTests.swift in Sources */ = {isa = PBXBuildFile; fileRef = A54A8A8527A22AD200A70645 /* BookReviewTests.swift */; };
		A54A8A9027A22AD200A70645 /* BookReviewUITests.swift in Sources */ = {isa = PBXBuildFile; fileRef = A54A8A8F27A22AD200A70645 /* BookReviewUITests.swift */; };
		A54A8A9227A22AD200A70645 /* BookReviewUITestsLaunchTests.swift in Sources */ = {isa = PBXBuildFile; fileRef = A54A8A9127A22AD200A70645 /* BookReviewUITestsLaunchTests.swift */; };
		A54A8AA027A22C9500A70645 /* SnapKit in Frameworks */ = {isa = PBXBuildFile; productRef = A54A8A9F27A22C9500A70645 /* SnapKit */; };
		A54A8AA327A22CCF00A70645 /* Alamofire in Frameworks */ = {isa = PBXBuildFile; productRef = A54A8AA227A22CCF00A70645 /* Alamofire */; };
		A54A8AA627A22D2C00A70645 /* Kingfisher in Frameworks */ = {isa = PBXBuildFile; productRef = A54A8AA527A22D2C00A70645 /* Kingfisher */; };
		A54A8AA827A22FCD00A70645 /* ReviewListPresenter.swift in Sources */ = {isa = PBXBuildFile; fileRef = A54A8AA727A22FCD00A70645 /* ReviewListPresenter.swift */; };
		A54A8AAC27A24E7200A70645 /* ReviewWritePresenter.swift in Sources */ = {isa = PBXBuildFile; fileRef = A54A8AAB27A24E7200A70645 /* ReviewWritePresenter.swift */; };
		A54A8AAE27A24E7F00A70645 /* ReviewWriteViewController.swift in Sources */ = {isa = PBXBuildFile; fileRef = A54A8AAD27A24E7F00A70645 /* ReviewWriteViewController.swift */; };
		A54A8AB127A25F3500A70645 /* SearchBookViewController.swift in Sources */ = {isa = PBXBuildFile; fileRef = A54A8AB027A25F3500A70645 /* SearchBookViewController.swift */; };
		A54A8AB327A25F3E00A70645 /* SearchBookPresenter.swift in Sources */ = {isa = PBXBuildFile; fileRef = A54A8AB227A25F3E00A70645 /* SearchBookPresenter.swift */; };
		A54A8AB627A26C3B00A70645 /* BookSearchRequestModel.swift in Sources */ = {isa = PBXBuildFile; fileRef = A54A8AB527A26C3B00A70645 /* BookSearchRequestModel.swift */; };
		A54A8AB927A26CAA00A70645 /* BookSearchResponseModel.swift in Sources */ = {isa = PBXBuildFile; fileRef = A54A8AB827A26CAA00A70645 /* BookSearchResponseModel.swift */; };
		A54A8ABB27A26E7300A70645 /* Book.swift in Sources */ = {isa = PBXBuildFile; fileRef = A54A8ABA27A26E7300A70645 /* Book.swift */; };
		A54A8ABD27A26ECD00A70645 /* BookSearchManager.swift in Sources */ = {isa = PBXBuildFile; fileRef = A54A8ABC27A26ECD00A70645 /* BookSearchManager.swift */; };
/* End PBXBuildFile section */

/* Begin PBXContainerItemProxy section */
		A54A8A8227A22AD200A70645 /* PBXContainerItemProxy */ = {
			isa = PBXContainerItemProxy;
			containerPortal = A54A8A6327A22AD200A70645 /* Project object */;
			proxyType = 1;
			remoteGlobalIDString = A54A8A6A27A22AD200A70645;
			remoteInfo = BookReview;
		};
		A54A8A8C27A22AD200A70645 /* PBXContainerItemProxy */ = {
			isa = PBXContainerItemProxy;
			containerPortal = A54A8A6327A22AD200A70645 /* Project object */;
			proxyType = 1;
			remoteGlobalIDString = A54A8A6A27A22AD200A70645;
			remoteInfo = BookReview;
		};
/* End PBXContainerItemProxy section */

/* Begin PBXFileReference section */
		A54A8A6B27A22AD200A70645 /* BookReview.app */ = {isa = PBXFileReference; explicitFileType = wrapper.application; includeInIndex = 0; path = BookReview.app; sourceTree = BUILT_PRODUCTS_DIR; };
		A54A8A6E27A22AD200A70645 /* AppDelegate.swift */ = {isa = PBXFileReference; lastKnownFileType = sourcecode.swift; path = AppDelegate.swift; sourceTree = "<group>"; };
		A54A8A7027A22AD200A70645 /* SceneDelegate.swift */ = {isa = PBXFileReference; lastKnownFileType = sourcecode.swift; path = SceneDelegate.swift; sourceTree = "<group>"; };
		A54A8A7227A22AD200A70645 /* ReviewListViewController.swift */ = {isa = PBXFileReference; lastKnownFileType = sourcecode.swift; path = ReviewListViewController.swift; sourceTree = "<group>"; };
		A54A8A7727A22AD200A70645 /* Assets.xcassets */ = {isa = PBXFileReference; lastKnownFileType = folder.assetcatalog; path = Assets.xcassets; sourceTree = "<group>"; };
		A54A8A7A27A22AD200A70645 /* Base */ = {isa = PBXFileReference; lastKnownFileType = file.storyboard; name = Base; path = Base.lproj/LaunchScreen.storyboard; sourceTree = "<group>"; };
		A54A8A7C27A22AD200A70645 /* Info.plist */ = {isa = PBXFileReference; lastKnownFileType = text.plist.xml; path = Info.plist; sourceTree = "<group>"; };
		A54A8A8127A22AD200A70645 /* BookReviewTests.xctest */ = {isa = PBXFileReference; explicitFileType = wrapper.cfbundle; includeInIndex = 0; path = BookReviewTests.xctest; sourceTree = BUILT_PRODUCTS_DIR; };
		A54A8A8527A22AD200A70645 /* BookReviewTests.swift */ = {isa = PBXFileReference; lastKnownFileType = sourcecode.swift; path = BookReviewTests.swift; sourceTree = "<group>"; };
		A54A8A8B27A22AD200A70645 /* BookReviewUITests.xctest */ = {isa = PBXFileReference; explicitFileType = wrapper.cfbundle; includeInIndex = 0; path = BookReviewUITests.xctest; sourceTree = BUILT_PRODUCTS_DIR; };
		A54A8A8F27A22AD200A70645 /* BookReviewUITests.swift */ = {isa = PBXFileReference; lastKnownFileType = sourcecode.swift; path = BookReviewUITests.swift; sourceTree = "<group>"; };
		A54A8A9127A22AD200A70645 /* BookReviewUITestsLaunchTests.swift */ = {isa = PBXFileReference; lastKnownFileType = sourcecode.swift; path = BookReviewUITestsLaunchTests.swift; sourceTree = "<group>"; };
		A54A8AA727A22FCD00A70645 /* ReviewListPresenter.swift */ = {isa = PBXFileReference; lastKnownFileType = sourcecode.swift; path = ReviewListPresenter.swift; sourceTree = "<group>"; };
		A54A8AAB27A24E7200A70645 /* ReviewWritePresenter.swift */ = {isa = PBXFileReference; lastKnownFileType = sourcecode.swift; path = ReviewWritePresenter.swift; sourceTree = "<group>"; };
		A54A8AAD27A24E7F00A70645 /* ReviewWriteViewController.swift */ = {isa = PBXFileReference; lastKnownFileType = sourcecode.swift; path = ReviewWriteViewController.swift; sourceTree = "<group>"; };
		A54A8AB027A25F3500A70645 /* SearchBookViewController.swift */ = {isa = PBXFileReference; lastKnownFileType = sourcecode.swift; path = SearchBookViewController.swift; sourceTree = "<group>"; };
		A54A8AB227A25F3E00A70645 /* SearchBookPresenter.swift */ = {isa = PBXFileReference; lastKnownFileType = sourcecode.swift; path = SearchBookPresenter.swift; sourceTree = "<group>"; };
		A54A8AB527A26C3B00A70645 /* BookSearchRequestModel.swift */ = {isa = PBXFileReference; lastKnownFileType = sourcecode.swift; path = BookSearchRequestModel.swift; sourceTree = "<group>"; };
		A54A8AB827A26CAA00A70645 /* BookSearchResponseModel.swift */ = {isa = PBXFileReference; lastKnownFileType = sourcecode.swift; path = BookSearchResponseModel.swift; sourceTree = "<group>"; };
		A54A8ABA27A26E7300A70645 /* Book.swift */ = {isa = PBXFileReference; lastKnownFileType = sourcecode.swift; path = Book.swift; sourceTree = "<group>"; };
		A54A8ABC27A26ECD00A70645 /* BookSearchManager.swift */ = {isa = PBXFileReference; lastKnownFileType = sourcecode.swift; path = BookSearchManager.swift; sourceTree = "<group>"; };
/* End PBXFileReference section */

/* Begin PBXFrameworksBuildPhase section */
		A54A8A6827A22AD200A70645 /* Frameworks */ = {
			isa = PBXFrameworksBuildPhase;
			buildActionMask = 2147483647;
			files = (
				A54A8AA627A22D2C00A70645 /* Kingfisher in Frameworks */,
				A54A8AA027A22C9500A70645 /* SnapKit in Frameworks */,
				A54A8AA327A22CCF00A70645 /* Alamofire in Frameworks */,
			);
			runOnlyForDeploymentPostprocessing = 0;
		};
		A54A8A7E27A22AD200A70645 /* Frameworks */ = {
			isa = PBXFrameworksBuildPhase;
			buildActionMask = 2147483647;
			files = (
			);
			runOnlyForDeploymentPostprocessing = 0;
		};
		A54A8A8827A22AD200A70645 /* Frameworks */ = {
			isa = PBXFrameworksBuildPhase;
			buildActionMask = 2147483647;
			files = (
			);
			runOnlyForDeploymentPostprocessing = 0;
		};
/* End PBXFrameworksBuildPhase section */

/* Begin PBXGroup section */
		A54A8A6227A22AD200A70645 = {
			isa = PBXGroup;
			children = (
				A54A8A6D27A22AD200A70645 /* BookReview */,
				A54A8A8427A22AD200A70645 /* BookReviewTests */,
				A54A8A8E27A22AD200A70645 /* BookReviewUITests */,
				A54A8A6C27A22AD200A70645 /* Products */,
			);
			sourceTree = "<group>";
		};
		A54A8A6C27A22AD200A70645 /* Products */ = {
			isa = PBXGroup;
			children = (
				A54A8A6B27A22AD200A70645 /* BookReview.app */,
				A54A8A8127A22AD200A70645 /* BookReviewTests.xctest */,
				A54A8A8B27A22AD200A70645 /* BookReviewUITests.xctest */,
			);
			name = Products;
			sourceTree = "<group>";
		};
		A54A8A6D27A22AD200A70645 /* BookReview */ = {
			isa = PBXGroup;
			children = (
				A54A8A6E27A22AD200A70645 /* AppDelegate.swift */,
				A54A8A7027A22AD200A70645 /* SceneDelegate.swift */,
				A54A8ABE27A26ED100A70645 /* Manager */,
				A54A8AB727A26C3F00A70645 /* Models */,
				A54A8AAA27A22FDE00A70645 /* Scene */,
				A54A8A7727A22AD200A70645 /* Assets.xcassets */,
				A54A8A7927A22AD200A70645 /* LaunchScreen.storyboard */,
				A54A8A7C27A22AD200A70645 /* Info.plist */,
			);
			path = BookReview;
			sourceTree = "<group>";
		};
		A54A8A8427A22AD200A70645 /* BookReviewTests */ = {
			isa = PBXGroup;
			children = (
				A54A8A8527A22AD200A70645 /* BookReviewTests.swift */,
			);
			path = BookReviewTests;
			sourceTree = "<group>";
		};
		A54A8A8E27A22AD200A70645 /* BookReviewUITests */ = {
			isa = PBXGroup;
			children = (
				A54A8A8F27A22AD200A70645 /* BookReviewUITests.swift */,
				A54A8A9127A22AD200A70645 /* BookReviewUITestsLaunchTests.swift */,
			);
			path = BookReviewUITests;
			sourceTree = "<group>";
		};
		A54A8AA927A22FD100A70645 /* ReviewList */ = {
			isa = PBXGroup;
			children = (
				A54A8A7227A22AD200A70645 /* ReviewListViewController.swift */,
				A54A8AA727A22FCD00A70645 /* ReviewListPresenter.swift */,
			);
			path = ReviewList;
			sourceTree = "<group>";
		};
		A54A8AAA27A22FDE00A70645 /* Scene */ = {
			isa = PBXGroup;
			children = (
				A54A8AA927A22FD100A70645 /* ReviewList */,
				A54A8AAF27A24E8500A70645 /* ReviewWrite */,
				A54A8AB427A25F4200A70645 /* SearchBook */,
			);
			path = Scene;
			sourceTree = "<group>";
		};
		A54A8AAF27A24E8500A70645 /* ReviewWrite */ = {
			isa = PBXGroup;
			children = (
				A54A8AAD27A24E7F00A70645 /* ReviewWriteViewController.swift */,
				A54A8AAB27A24E7200A70645 /* ReviewWritePresenter.swift */,
			);
			path = ReviewWrite;
			sourceTree = "<group>";
		};
		A54A8AB427A25F4200A70645 /* SearchBook */ = {
			isa = PBXGroup;
			children = (
				A54A8AB027A25F3500A70645 /* SearchBookViewController.swift */,
				A54A8AB227A25F3E00A70645 /* SearchBookPresenter.swift */,
			);
			path = SearchBook;
			sourceTree = "<group>";
		};
		A54A8AB727A26C3F00A70645 /* Models */ = {
			isa = PBXGroup;
			children = (
				A54A8ABA27A26E7300A70645 /* Book.swift */,
				A54A8AB527A26C3B00A70645 /* BookSearchRequestModel.swift */,
				A54A8AB827A26CAA00A70645 /* BookSearchResponseModel.swift */,
			);
			path = Models;
			sourceTree = "<group>";
		};
		A54A8ABE27A26ED100A70645 /* Manager */ = {
			isa = PBXGroup;
			children = (
				A54A8ABC27A26ECD00A70645 /* BookSearchManager.swift */,
			);
			path = Manager;
			sourceTree = "<group>";
		};
/* End PBXGroup section */

/* Begin PBXNativeTarget section */
		A54A8A6A27A22AD200A70645 /* BookReview */ = {
			isa = PBXNativeTarget;
			buildConfigurationList = A54A8A9527A22AD200A70645 /* Build configuration list for PBXNativeTarget "BookReview" */;
			buildPhases = (
				A54A8A6727A22AD200A70645 /* Sources */,
				A54A8A6827A22AD200A70645 /* Frameworks */,
				A54A8A6927A22AD200A70645 /* Resources */,
			);
			buildRules = (
			);
			dependencies = (
			);
			name = BookReview;
			packageProductDependencies = (
				A54A8A9F27A22C9500A70645 /* SnapKit */,
				A54A8AA227A22CCF00A70645 /* Alamofire */,
				A54A8AA527A22D2C00A70645 /* Kingfisher */,
			);
			productName = BookReview;
			productReference = A54A8A6B27A22AD200A70645 /* BookReview.app */;
			productType = "com.apple.product-type.application";
		};
		A54A8A8027A22AD200A70645 /* BookReviewTests */ = {
			isa = PBXNativeTarget;
			buildConfigurationList = A54A8A9827A22AD200A70645 /* Build configuration list for PBXNativeTarget "BookReviewTests" */;
			buildPhases = (
				A54A8A7D27A22AD200A70645 /* Sources */,
				A54A8A7E27A22AD200A70645 /* Frameworks */,
				A54A8A7F27A22AD200A70645 /* Resources */,
			);
			buildRules = (
			);
			dependencies = (
				A54A8A8327A22AD200A70645 /* PBXTargetDependency */,
			);
			name = BookReviewTests;
			productName = BookReviewTests;
			productReference = A54A8A8127A22AD200A70645 /* BookReviewTests.xctest */;
			productType = "com.apple.product-type.bundle.unit-test";
		};
		A54A8A8A27A22AD200A70645 /* BookReviewUITests */ = {
			isa = PBXNativeTarget;
			buildConfigurationList = A54A8A9B27A22AD200A70645 /* Build configuration list for PBXNativeTarget "BookReviewUITests" */;
			buildPhases = (
				A54A8A8727A22AD200A70645 /* Sources */,
				A54A8A8827A22AD200A70645 /* Frameworks */,
				A54A8A8927A22AD200A70645 /* Resources */,
			);
			buildRules = (
			);
			dependencies = (
				A54A8A8D27A22AD200A70645 /* PBXTargetDependency */,
			);
			name = BookReviewUITests;
			productName = BookReviewUITests;
			productReference = A54A8A8B27A22AD200A70645 /* BookReviewUITests.xctest */;
			productType = "com.apple.product-type.bundle.ui-testing";
		};
/* End PBXNativeTarget section */

/* Begin PBXProject section */
		A54A8A6327A22AD200A70645 /* Project object */ = {
			isa = PBXProject;
			attributes = {
				BuildIndependentTargetsInParallel = 1;
				LastSwiftUpdateCheck = 1320;
				LastUpgradeCheck = 1320;
				TargetAttributes = {
					A54A8A6A27A22AD200A70645 = {
						CreatedOnToolsVersion = 13.2.1;
					};
					A54A8A8027A22AD200A70645 = {
						CreatedOnToolsVersion = 13.2.1;
						TestTargetID = A54A8A6A27A22AD200A70645;
					};
					A54A8A8A27A22AD200A70645 = {
						CreatedOnToolsVersion = 13.2.1;
						TestTargetID = A54A8A6A27A22AD200A70645;
					};
				};
			};
			buildConfigurationList = A54A8A6627A22AD200A70645 /* Build configuration list for PBXProject "BookReview" */;
			compatibilityVersion = "Xcode 13.0";
			developmentRegion = en;
			hasScannedForEncodings = 0;
			knownRegions = (
				en,
				Base,
			);
			mainGroup = A54A8A6227A22AD200A70645;
			packageReferences = (
				A54A8A9E27A22C9500A70645 /* XCRemoteSwiftPackageReference "SnapKit" */,
				A54A8AA127A22CCF00A70645 /* XCRemoteSwiftPackageReference "Alamofire" */,
				A54A8AA427A22D2C00A70645 /* XCRemoteSwiftPackageReference "Kingfisher" */,
			);
			productRefGroup = A54A8A6C27A22AD200A70645 /* Products */;
			projectDirPath = "";
			projectRoot = "";
			targets = (
				A54A8A6A27A22AD200A70645 /* BookReview */,
				A54A8A8027A22AD200A70645 /* BookReviewTests */,
				A54A8A8A27A22AD200A70645 /* BookReviewUITests */,
			);
		};
/* End PBXProject section */

/* Begin PBXResourcesBuildPhase section */
		A54A8A6927A22AD200A70645 /* Resources */ = {
			isa = PBXResourcesBuildPhase;
			buildActionMask = 2147483647;
			files = (
				A54A8A7B27A22AD200A70645 /* LaunchScreen.storyboard in Resources */,
				A54A8A7827A22AD200A70645 /* Assets.xcassets in Resources */,
			);
			runOnlyForDeploymentPostprocessing = 0;
		};
		A54A8A7F27A22AD200A70645 /* Resources */ = {
			isa = PBXResourcesBuildPhase;
			buildActionMask = 2147483647;
			files = (
			);
			runOnlyForDeploymentPostprocessing = 0;
		};
		A54A8A8927A22AD200A70645 /* Resources */ = {
			isa = PBXResourcesBuildPhase;
			buildActionMask = 2147483647;
			files = (
			);
			runOnlyForDeploymentPostprocessing = 0;
		};
/* End PBXResourcesBuildPhase section */

/* Begin PBXSourcesBuildPhase section */
		A54A8A6727A22AD200A70645 /* Sources */ = {
			isa = PBXSourcesBuildPhase;
			buildActionMask = 2147483647;
			files = (
				A54A8AAC27A24E7200A70645 /* ReviewWritePresenter.swift in Sources */,
				A54A8A7327A22AD200A70645 /* ReviewListViewController.swift in Sources */,
				A54A8AB627A26C3B00A70645 /* BookSearchRequestModel.swift in Sources */,
				A54A8ABB27A26E7300A70645 /* Book.swift in Sources */,
				A54A8AAE27A24E7F00A70645 /* ReviewWriteViewController.swift in Sources */,
				A54A8AB127A25F3500A70645 /* SearchBookViewController.swift in Sources */,
				A54A8AB927A26CAA00A70645 /* BookSearchResponseModel.swift in Sources */,
				A54A8A6F27A22AD200A70645 /* AppDelegate.swift in Sources */,
				A54A8AB327A25F3E00A70645 /* SearchBookPresenter.swift in Sources */,
				A54A8AA827A22FCD00A70645 /* ReviewListPresenter.swift in Sources */,
				A54A8ABD27A26ECD00A70645 /* BookSearchManager.swift in Sources */,
				A54A8A7127A22AD200A70645 /* SceneDelegate.swift in Sources */,
			);
			runOnlyForDeploymentPostprocessing = 0;
		};
		A54A8A7D27A22AD200A70645 /* Sources */ = {
			isa = PBXSourcesBuildPhase;
			buildActionMask = 2147483647;
			files = (
				A54A8A8627A22AD200A70645 /* BookReviewTests.swift in Sources */,
			);
			runOnlyForDeploymentPostprocessing = 0;
		};
		A54A8A8727A22AD200A70645 /* Sources */ = {
			isa = PBXSourcesBuildPhase;
			buildActionMask = 2147483647;
			files = (
				A54A8A9027A22AD200A70645 /* BookReviewUITests.swift in Sources */,
				A54A8A9227A22AD200A70645 /* BookReviewUITestsLaunchTests.swift in Sources */,
			);
			runOnlyForDeploymentPostprocessing = 0;
		};
/* End PBXSourcesBuildPhase section */

/* Begin PBXTargetDependency section */
		A54A8A8327A22AD200A70645 /* PBXTargetDependency */ = {
			isa = PBXTargetDependency;
			target = A54A8A6A27A22AD200A70645 /* BookReview */;
			targetProxy = A54A8A8227A22AD200A70645 /* PBXContainerItemProxy */;
		};
		A54A8A8D27A22AD200A70645 /* PBXTargetDependency */ = {
			isa = PBXTargetDependency;
			target = A54A8A6A27A22AD200A70645 /* BookReview */;
			targetProxy = A54A8A8C27A22AD200A70645 /* PBXContainerItemProxy */;
		};
/* End PBXTargetDependency section */

/* Begin PBXVariantGroup section */
		A54A8A7927A22AD200A70645 /* LaunchScreen.storyboard */ = {
			isa = PBXVariantGroup;
			children = (
				A54A8A7A27A22AD200A70645 /* Base */,
			);
			name = LaunchScreen.storyboard;
			sourceTree = "<group>";
		};
/* End PBXVariantGroup section */

/* Begin XCBuildConfiguration section */
		A54A8A9327A22AD200A70645 /* Debug */ = {
			isa = XCBuildConfiguration;
			buildSettings = {
				ALWAYS_SEARCH_USER_PATHS = NO;
				CLANG_ANALYZER_NONNULL = YES;
				CLANG_ANALYZER_NUMBER_OBJECT_CONVERSION = YES_AGGRESSIVE;
				CLANG_CXX_LANGUAGE_STANDARD = "gnu++17";
				CLANG_CXX_LIBRARY = "libc++";
				CLANG_ENABLE_MODULES = YES;
				CLANG_ENABLE_OBJC_ARC = YES;
				CLANG_ENABLE_OBJC_WEAK = YES;
				CLANG_WARN_BLOCK_CAPTURE_AUTORELEASING = YES;
				CLANG_WARN_BOOL_CONVERSION = YES;
				CLANG_WARN_COMMA = YES;
				CLANG_WARN_CONSTANT_CONVERSION = YES;
				CLANG_WARN_DEPRECATED_OBJC_IMPLEMENTATIONS = YES;
				CLANG_WARN_DIRECT_OBJC_ISA_USAGE = YES_ERROR;
				CLANG_WARN_DOCUMENTATION_COMMENTS = YES;
				CLANG_WARN_EMPTY_BODY = YES;
				CLANG_WARN_ENUM_CONVERSION = YES;
				CLANG_WARN_INFINITE_RECURSION = YES;
				CLANG_WARN_INT_CONVERSION = YES;
				CLANG_WARN_NON_LITERAL_NULL_CONVERSION = YES;
				CLANG_WARN_OBJC_IMPLICIT_RETAIN_SELF = YES;
				CLANG_WARN_OBJC_LITERAL_CONVERSION = YES;
				CLANG_WARN_OBJC_ROOT_CLASS = YES_ERROR;
				CLANG_WARN_QUOTED_INCLUDE_IN_FRAMEWORK_HEADER = YES;
				CLANG_WARN_RANGE_LOOP_ANALYSIS = YES;
				CLANG_WARN_STRICT_PROTOTYPES = YES;
				CLANG_WARN_SUSPICIOUS_MOVE = YES;
				CLANG_WARN_UNGUARDED_AVAILABILITY = YES_AGGRESSIVE;
				CLANG_WARN_UNREACHABLE_CODE = YES;
				CLANG_WARN__DUPLICATE_METHOD_MATCH = YES;
				COPY_PHASE_STRIP = NO;
				DEBUG_INFORMATION_FORMAT = dwarf;
				ENABLE_STRICT_OBJC_MSGSEND = YES;
				ENABLE_TESTABILITY = YES;
				GCC_C_LANGUAGE_STANDARD = gnu11;
				GCC_DYNAMIC_NO_PIC = NO;
				GCC_NO_COMMON_BLOCKS = YES;
				GCC_OPTIMIZATION_LEVEL = 0;
				GCC_PREPROCESSOR_DEFINITIONS = (
					"DEBUG=1",
					"$(inherited)",
				);
				GCC_WARN_64_TO_32_BIT_CONVERSION = YES;
				GCC_WARN_ABOUT_RETURN_TYPE = YES_ERROR;
				GCC_WARN_UNDECLARED_SELECTOR = YES;
				GCC_WARN_UNINITIALIZED_AUTOS = YES_AGGRESSIVE;
				GCC_WARN_UNUSED_FUNCTION = YES;
				GCC_WARN_UNUSED_VARIABLE = YES;
				IPHONEOS_DEPLOYMENT_TARGET = 15.2;
				MTL_ENABLE_DEBUG_INFO = INCLUDE_SOURCE;
				MTL_FAST_MATH = YES;
				ONLY_ACTIVE_ARCH = YES;
				SDKROOT = iphoneos;
				SWIFT_ACTIVE_COMPILATION_CONDITIONS = DEBUG;
				SWIFT_OPTIMIZATION_LEVEL = "-Onone";
			};
			name = Debug;
		};
		A54A8A9427A22AD200A70645 /* Release */ = {
			isa = XCBuildConfiguration;
			buildSettings = {
				ALWAYS_SEARCH_USER_PATHS = NO;
				CLANG_ANALYZER_NONNULL = YES;
				CLANG_ANALYZER_NUMBER_OBJECT_CONVERSION = YES_AGGRESSIVE;
				CLANG_CXX_LANGUAGE_STANDARD = "gnu++17";
				CLANG_CXX_LIBRARY = "libc++";
				CLANG_ENABLE_MODULES = YES;
				CLANG_ENABLE_OBJC_ARC = YES;
				CLANG_ENABLE_OBJC_WEAK = YES;
				CLANG_WARN_BLOCK_CAPTURE_AUTORELEASING = YES;
				CLANG_WARN_BOOL_CONVERSION = YES;
				CLANG_WARN_COMMA = YES;
				CLANG_WARN_CONSTANT_CONVERSION = YES;
				CLANG_WARN_DEPRECATED_OBJC_IMPLEMENTATIONS = YES;
				CLANG_WARN_DIRECT_OBJC_ISA_USAGE = YES_ERROR;
				CLANG_WARN_DOCUMENTATION_COMMENTS = YES;
				CLANG_WARN_EMPTY_BODY = YES;
				CLANG_WARN_ENUM_CONVERSION = YES;
				CLANG_WARN_INFINITE_RECURSION = YES;
				CLANG_WARN_INT_CONVERSION = YES;
				CLANG_WARN_NON_LITERAL_NULL_CONVERSION = YES;
				CLANG_WARN_OBJC_IMPLICIT_RETAIN_SELF = YES;
				CLANG_WARN_OBJC_LITERAL_CONVERSION = YES;
				CLANG_WARN_OBJC_ROOT_CLASS = YES_ERROR;
				CLANG_WARN_QUOTED_INCLUDE_IN_FRAMEWORK_HEADER = YES;
				CLANG_WARN_RANGE_LOOP_ANALYSIS = YES;
				CLANG_WARN_STRICT_PROTOTYPES = YES;
				CLANG_WARN_SUSPICIOUS_MOVE = YES;
				CLANG_WARN_UNGUARDED_AVAILABILITY = YES_AGGRESSIVE;
				CLANG_WARN_UNREACHABLE_CODE = YES;
				CLANG_WARN__DUPLICATE_METHOD_MATCH = YES;
				COPY_PHASE_STRIP = NO;
				DEBUG_INFORMATION_FORMAT = "dwarf-with-dsym";
				ENABLE_NS_ASSERTIONS = NO;
				ENABLE_STRICT_OBJC_MSGSEND = YES;
				GCC_C_LANGUAGE_STANDARD = gnu11;
				GCC_NO_COMMON_BLOCKS = YES;
				GCC_WARN_64_TO_32_BIT_CONVERSION = YES;
				GCC_WARN_ABOUT_RETURN_TYPE = YES_ERROR;
				GCC_WARN_UNDECLARED_SELECTOR = YES;
				GCC_WARN_UNINITIALIZED_AUTOS = YES_AGGRESSIVE;
				GCC_WARN_UNUSED_FUNCTION = YES;
				GCC_WARN_UNUSED_VARIABLE = YES;
				IPHONEOS_DEPLOYMENT_TARGET = 15.2;
				MTL_ENABLE_DEBUG_INFO = NO;
				MTL_FAST_MATH = YES;
				SDKROOT = iphoneos;
				SWIFT_COMPILATION_MODE = wholemodule;
				SWIFT_OPTIMIZATION_LEVEL = "-O";
				VALIDATE_PRODUCT = YES;
			};
			name = Release;
		};
		A54A8A9627A22AD200A70645 /* Debug */ = {
			isa = XCBuildConfiguration;
			buildSettings = {
				ASSETCATALOG_COMPILER_APPICON_NAME = AppIcon;
				ASSETCATALOG_COMPILER_GLOBAL_ACCENT_COLOR_NAME = AccentColor;
				CODE_SIGN_STYLE = Automatic;
				CURRENT_PROJECT_VERSION = 1;
				DEVELOPMENT_TEAM = MZ4WUT4W35;
				GENERATE_INFOPLIST_FILE = YES;
				INFOPLIST_FILE = BookReview/Info.plist;
				INFOPLIST_KEY_UIApplicationSupportsIndirectInputEvents = YES;
				INFOPLIST_KEY_UILaunchStoryboardName = LaunchScreen;
				INFOPLIST_KEY_UISupportedInterfaceOrientations_iPad = "UIInterfaceOrientationPortrait UIInterfaceOrientationPortraitUpsideDown UIInterfaceOrientationLandscapeLeft UIInterfaceOrientationLandscapeRight";
				INFOPLIST_KEY_UISupportedInterfaceOrientations_iPhone = "UIInterfaceOrientationPortrait UIInterfaceOrientationLandscapeLeft UIInterfaceOrientationLandscapeRight";
				LD_RUNPATH_SEARCH_PATHS = (
					"$(inherited)",
					"@executable_path/Frameworks",
				);
				MARKETING_VERSION = 1.0;
				PRODUCT_BUNDLE_IDENTIFIER = com.alswl.BookReview;
				PRODUCT_NAME = "$(TARGET_NAME)";
				SWIFT_EMIT_LOC_STRINGS = YES;
				SWIFT_VERSION = 5.0;
				TARGETED_DEVICE_FAMILY = "1,2";
			};
			name = Debug;
		};
		A54A8A9727A22AD200A70645 /* Release */ = {
			isa = XCBuildConfiguration;
			buildSettings = {
				ASSETCATALOG_COMPILER_APPICON_NAME = AppIcon;
				ASSETCATALOG_COMPILER_GLOBAL_ACCENT_COLOR_NAME = AccentColor;
				CODE_SIGN_STYLE = Automatic;
				CURRENT_PROJECT_VERSION = 1;
				DEVELOPMENT_TEAM = MZ4WUT4W35;
				GENERATE_INFOPLIST_FILE = YES;
				INFOPLIST_FILE = BookReview/Info.plist;
				INFOPLIST_KEY_UIApplicationSupportsIndirectInputEvents = YES;
				INFOPLIST_KEY_UILaunchStoryboardName = LaunchScreen;
				INFOPLIST_KEY_UISupportedInterfaceOrientations_iPad = "UIInterfaceOrientationPortrait UIInterfaceOrientationPortraitUpsideDown UIInterfaceOrientationLandscapeLeft UIInterfaceOrientationLandscapeRight";
				INFOPLIST_KEY_UISupportedInterfaceOrientations_iPhone = "UIInterfaceOrientationPortrait UIInterfaceOrientationLandscapeLeft UIInterfaceOrientationLandscapeRight";
				LD_RUNPATH_SEARCH_PATHS = (
					"$(inherited)",
					"@executable_path/Frameworks",
				);
				MARKETING_VERSION = 1.0;
				PRODUCT_BUNDLE_IDENTIFIER = com.alswl.BookReview;
				PRODUCT_NAME = "$(TARGET_NAME)";
				SWIFT_EMIT_LOC_STRINGS = YES;
				SWIFT_VERSION = 5.0;
				TARGETED_DEVICE_FAMILY = "1,2";
			};
			name = Release;
		};
		A54A8A9927A22AD200A70645 /* Debug */ = {
			isa = XCBuildConfiguration;
			buildSettings = {
				ALWAYS_EMBED_SWIFT_STANDARD_LIBRARIES = YES;
				BUNDLE_LOADER = "$(TEST_HOST)";
				CODE_SIGN_STYLE = Automatic;
				CURRENT_PROJECT_VERSION = 1;
				DEVELOPMENT_TEAM = MZ4WUT4W35;
				GENERATE_INFOPLIST_FILE = YES;
				IPHONEOS_DEPLOYMENT_TARGET = 15.2;
				MARKETING_VERSION = 1.0;
				PRODUCT_BUNDLE_IDENTIFIER = com.alswl.BookReviewTests;
				PRODUCT_NAME = "$(TARGET_NAME)";
				SWIFT_EMIT_LOC_STRINGS = NO;
				SWIFT_VERSION = 5.0;
				TARGETED_DEVICE_FAMILY = "1,2";
				TEST_HOST = "$(BUILT_PRODUCTS_DIR)/BookReview.app/BookReview";
			};
			name = Debug;
		};
		A54A8A9A27A22AD200A70645 /* Release */ = {
			isa = XCBuildConfiguration;
			buildSettings = {
				ALWAYS_EMBED_SWIFT_STANDARD_LIBRARIES = YES;
				BUNDLE_LOADER = "$(TEST_HOST)";
				CODE_SIGN_STYLE = Automatic;
				CURRENT_PROJECT_VERSION = 1;
				DEVELOPMENT_TEAM = MZ4WUT4W35;
				GENERATE_INFOPLIST_FILE = YES;
				IPHONEOS_DEPLOYMENT_TARGET = 15.2;
				MARKETING_VERSION = 1.0;
				PRODUCT_BUNDLE_IDENTIFIER = com.alswl.BookReviewTests;
				PRODUCT_NAME = "$(TARGET_NAME)";
				SWIFT_EMIT_LOC_STRINGS = NO;
				SWIFT_VERSION = 5.0;
				TARGETED_DEVICE_FAMILY = "1,2";
				TEST_HOST = "$(BUILT_PRODUCTS_DIR)/BookReview.app/BookReview";
			};
			name = Release;
		};
		A54A8A9C27A22AD200A70645 /* Debug */ = {
			isa = XCBuildConfiguration;
			buildSettings = {
				ALWAYS_EMBED_SWIFT_STANDARD_LIBRARIES = YES;
				CODE_SIGN_STYLE = Automatic;
				CURRENT_PROJECT_VERSION = 1;
				DEVELOPMENT_TEAM = MZ4WUT4W35;
				GENERATE_INFOPLIST_FILE = YES;
				MARKETING_VERSION = 1.0;
				PRODUCT_BUNDLE_IDENTIFIER = com.alswl.BookReviewUITests;
				PRODUCT_NAME = "$(TARGET_NAME)";
				SWIFT_EMIT_LOC_STRINGS = NO;
				SWIFT_VERSION = 5.0;
				TARGETED_DEVICE_FAMILY = "1,2";
				TEST_TARGET_NAME = BookReview;
			};
			name = Debug;
		};
		A54A8A9D27A22AD200A70645 /* Release */ = {
			isa = XCBuildConfiguration;
			buildSettings = {
				ALWAYS_EMBED_SWIFT_STANDARD_LIBRARIES = YES;
				CODE_SIGN_STYLE = Automatic;
				CURRENT_PROJECT_VERSION = 1;
				DEVELOPMENT_TEAM = MZ4WUT4W35;
				GENERATE_INFOPLIST_FILE = YES;
				MARKETING_VERSION = 1.0;
				PRODUCT_BUNDLE_IDENTIFIER = com.alswl.BookReviewUITests;
				PRODUCT_NAME = "$(TARGET_NAME)";
				SWIFT_EMIT_LOC_STRINGS = NO;
				SWIFT_VERSION = 5.0;
				TARGETED_DEVICE_FAMILY = "1,2";
				TEST_TARGET_NAME = BookReview;
			};
			name = Release;
		};
/* End XCBuildConfiguration section */

/* Begin XCConfigurationList section */
		A54A8A6627A22AD200A70645 /* Build configuration list for PBXProject "BookReview" */ = {
			isa = XCConfigurationList;
			buildConfigurations = (
				A54A8A9327A22AD200A70645 /* Debug */,
				A54A8A9427A22AD200A70645 /* Release */,
			);
			defaultConfigurationIsVisible = 0;
			defaultConfigurationName = Release;
		};
		A54A8A9527A22AD200A70645 /* Build configuration list for PBXNativeTarget "BookReview" */ = {
			isa = XCConfigurationList;
			buildConfigurations = (
				A54A8A9627A22AD200A70645 /* Debug */,
				A54A8A9727A22AD200A70645 /* Release */,
			);
			defaultConfigurationIsVisible = 0;
			defaultConfigurationName = Release;
		};
		A54A8A9827A22AD200A70645 /* Build configuration list for PBXNativeTarget "BookReviewTests" */ = {
			isa = XCConfigurationList;
			buildConfigurations = (
				A54A8A9927A22AD200A70645 /* Debug */,
				A54A8A9A27A22AD200A70645 /* Release */,
			);
			defaultConfigurationIsVisible = 0;
			defaultConfigurationName = Release;
		};
		A54A8A9B27A22AD200A70645 /* Build configuration list for PBXNativeTarget "BookReviewUITests" */ = {
			isa = XCConfigurationList;
			buildConfigurations = (
				A54A8A9C27A22AD200A70645 /* Debug */,
				A54A8A9D27A22AD200A70645 /* Release */,
			);
			defaultConfigurationIsVisible = 0;
			defaultConfigurationName = Release;
		};
/* End XCConfigurationList section */

/* Begin XCRemoteSwiftPackageReference section */
		A54A8A9E27A22C9500A70645 /* XCRemoteSwiftPackageReference "SnapKit" */ = {
			isa = XCRemoteSwiftPackageReference;
			repositoryURL = "https://github.com/SnapKit/SnapKit.git";
			requirement = {
				kind = upToNextMajorVersion;
				minimumVersion = 5.0.0;
			};
		};
		A54A8AA127A22CCF00A70645 /* XCRemoteSwiftPackageReference "Alamofire" */ = {
			isa = XCRemoteSwiftPackageReference;
			repositoryURL = "https://github.com/Alamofire/Alamofire.git";
			requirement = {
				kind = upToNextMajorVersion;
				minimumVersion = 5.0.0;
			};
		};
		A54A8AA427A22D2C00A70645 /* XCRemoteSwiftPackageReference "Kingfisher" */ = {
			isa = XCRemoteSwiftPackageReference;
			repositoryURL = "https://github.com/onevcat/Kingfisher.git";
			requirement = {
				kind = upToNextMajorVersion;
				minimumVersion = 7.0.0;
			};
		};
/* End XCRemoteSwiftPackageReference section */

/* Begin XCSwiftPackageProductDependency section */
		A54A8A9F27A22C9500A70645 /* SnapKit */ = {
			isa = XCSwiftPackageProductDependency;
			package = A54A8A9E27A22C9500A70645 /* XCRemoteSwiftPackageReference "SnapKit" */;
			productName = SnapKit;
		};
		A54A8AA227A22CCF00A70645 /* Alamofire */ = {
			isa = XCSwiftPackageProductDependency;
			package = A54A8AA127A22CCF00A70645 /* XCRemoteSwiftPackageReference "Alamofire" */;
			productName = Alamofire;
		};
		A54A8AA527A22D2C00A70645 /* Kingfisher */ = {
			isa = XCSwiftPackageProductDependency;
			package = A54A8AA427A22D2C00A70645 /* XCRemoteSwiftPackageReference "Kingfisher" */;
			productName = Kingfisher;
		};
/* End XCSwiftPackageProductDependency section */
	};
	rootObject = A54A8A6327A22AD200A70645 /* Project object */;
}
